
Microsoft Visual Studio Solution File, Format Version 12.00
# Visual Studio 15
VisualStudioVersion = 15.0.27703.2026
MinimumVisualStudioVersion = 10.0.40219.1
Project("{FAE04EC0-301F-11D3-BF4B-00C04F79EFBC}") = "LogInLogOut", "LogInLogOut\LogInLogOut.csproj", "{B306CDC8-D298-43FD-BA24-5FC2BEA28FDD}"
EndProject
Global
	GlobalSection(SolutionConfigurationPlatforms) = preSolution
		Debug|Any CPU = Debug|Any CPU
		Release|Any CPU = Release|Any CPU
	EndGlobalSection
	GlobalSection(ProjectConfigurationPlatforms) = postSolution
		{B306CDC8-D298-43FD-BA24-5FC2BEA28FDD}.Debug|Any CPU.ActiveCfg = Debug|Any CPU
		{B306CDC8-D298-43FD-BA24-5FC2BEA28FDD}.Debug|Any CPU.Build.0 = Debug|Any CPU
		{B306CDC8-D298-43FD-BA24-5FC2BEA28FDD}.Release|Any CPU.ActiveCfg = Release|Any CPU
		{B306CDC8-D298-43FD-BA24-5FC2BEA28FDD}.Release|Any CPU.Build.0 = Release|Any CPU
	EndGlobalSection
	GlobalSection(SolutionProperties) = preSolution
		HideSolutionNode = FALSE
	EndGlobalSection
	GlobalSection(ExtensibilityGlobals) = postSolution
		SolutionGuid = {8B7545C6-0799-4C76-9B06-4CAAAAEAC793}
	EndGlobalSection
EndGlobal
